
Microsoft Visual Studio Solution File, Format Version 12.00
Project("{FAE04EC0-301F-11D3-BF4B-00C04F79EFBC}") = "pz-02", "pz-02\pz-02.csproj", "{93F9391A-5842-454C-A550-C5D37B55229C}"
EndProject
Global
	GlobalSection(SolutionConfigurationPlatforms) = preSolution
		Debug|Any CPU = Debug|Any CPU
		Release|Any CPU = Release|Any CPU
	EndGlobalSection
	GlobalSection(ProjectConfigurationPlatforms) = postSolution
		{93F9391A-5842-454C-A550-C5D37B55229C}.Debug|Any CPU.ActiveCfg = Debug|Any CPU
		{93F9391A-5842-454C-A550-C5D37B55229C}.Debug|Any CPU.Build.0 = Debug|Any CPU
		{93F9391A-5842-454C-A550-C5D37B55229C}.Release|Any CPU.ActiveCfg = Release|Any CPU
		{93F9391A-5842-454C-A550-C5D37B55229C}.Release|Any CPU.Build.0 = Release|Any CPU
	EndGlobalSection
EndGlobal
